// !$*UTF8*$!
{
	archiveVersion = 1;
	classes = {
	};
	objectVersion = 46;
	objects = {

/* Begin PBXBuildFile section */
		2D058BD01686520B00E283DC /* tiles.c in Sources */ = {isa = PBXBuildFile; fileRef = 2D058BCF1686520B00E283DC /* tiles.c */; };
		2D058BE4168689B200E283DC /* network.c in Sources */ = {isa = PBXBuildFile; fileRef = 2D058BE3168689B200E283DC /* network.c */; };
		2D2A07CA168286D500064107 /* filesystem.c in Sources */ = {isa = PBXBuildFile; fileRef = 2D2A07C9168286D400064107 /* filesystem.c */; };
		2D47FAFF16C6BA0D00DB3597 /* Cocoa.framework in Frameworks */ = {isa = PBXBuildFile; fileRef = 2D7B623416788AB200E35E54 /* Cocoa.framework */; };
		2D47FB0616C6BA0D00DB3597 /* InfoPlist.strings in Resources */ = {isa = PBXBuildFile; fileRef = 2D47FB0416C6BA0D00DB3597 /* InfoPlist.strings */; };
		2D47FB0C16C6BA0D00DB3597 /* Credits.rtf in Resources */ = {isa = PBXBuildFile; fileRef = 2D47FB0A16C6BA0D00DB3597 /* Credits.rtf */; };
		2D47FB1D16C6BA2E00DB3597 /* game.c in Sources */ = {isa = PBXBuildFile; fileRef = 2D7B625016788F9B00E35E54 /* game.c */; };
		2D47FB3316C6BA8200DB3597 /* cache.c in Sources */ = {isa = PBXBuildFile; fileRef = 2D7B61F41678885A00E35E54 /* cache.c */; };
		2D47FB3416C6BA8200DB3597 /* display.c in Sources */ = {isa = PBXBuildFile; fileRef = 2D7B621C1678885A00E35E54 /* display.c */; };
		2D47FB3516C6BA8200DB3597 /* draw.c in Sources */ = {isa = PBXBuildFile; fileRef = 2D7B61F11678885A00E35E54 /* draw.c */; };
		2D47FB3616C6BA8200DB3597 /* dummy_multi.c in Sources */ = {isa = PBXBuildFile; fileRef = 2D7B630016791C0200E35E54 /* dummy_multi.c */; };
		2D47FB3716C6BA8200DB3597 /* host.c in Sources */ = {isa = PBXBuildFile; fileRef = 2D7B61FA1678885A00E35E54 /* host.c */; };
		2D47FB3816C6BA8200DB3597 /* list.c in Sources */ = {isa = PBXBuildFile; fileRef = 2D7B62061678885A00E35E54 /* list.c */; };
		2D47FB3916C6BA8200DB3597 /* memory.c in Sources */ = {isa = PBXBuildFile; fileRef = 2D7B62071678885A00E35E54 /* memory.c */; };
		2D47FB3A16C6BA8200DB3597 /* packet.c in Sources */ = {isa = PBXBuildFile; fileRef = 2D7B62081678885A00E35E54 /* packet.c */; };
		2D47FB3B16C6BA8200DB3597 /* peer.c in Sources */ = {isa = PBXBuildFile; fileRef = 2D7B62091678885A00E35E54 /* peer.c */; };
		2D47FB3C16C6BA8200DB3597 /* protocol.c in Sources */ = {isa = PBXBuildFile; fileRef = 2D7B620A1678885A00E35E54 /* protocol.c */; };
		2D47FB3D16C6BA8200DB3597 /* unix.c in Sources */ = {isa = PBXBuildFile; fileRef = 2D7B620D1678885A00E35E54 /* unix.c */; };
		2D47FB3E16C6BA8200DB3597 /* engine.c in Sources */ = {isa = PBXBuildFile; fileRef = 2D7B62101678885A00E35E54 /* engine.c */; };
		2D47FB3F16C6BA8200DB3597 /* filesystem.c in Sources */ = {isa = PBXBuildFile; fileRef = 2D2A07C9168286D400064107 /* filesystem.c */; };
		2D47FB4016C6BA8200DB3597 /* fixedPoint_math.c in Sources */ = {isa = PBXBuildFile; fileRef = 2D7B621A1678885A00E35E54 /* fixedPoint_math.c */; };
		2D47FB4116C6BA8200DB3597 /* tiles.c in Sources */ = {isa = PBXBuildFile; fileRef = 2D058BCF1686520B00E283DC /* tiles.c */; };
		2D47FB4216C6BA8200DB3597 /* network.c in Sources */ = {isa = PBXBuildFile; fileRef = 2D058BE3168689B200E283DC /* network.c */; };
		2D47FB4316C6BA8200DB3597 /* SDLMain.m in Sources */ = {isa = PBXBuildFile; fileRef = 2D7B7AED16792D6700DB503A /* SDLMain.m */; };
		2D47FB4916C6BC2200DB3597 /* SDL_mixer.framework in CopyFiles */ = {isa = PBXBuildFile; fileRef = 2D7B623216788AAB00E35E54 /* SDL_mixer.framework */; };
		2D47FB4A16C6BC2200DB3597 /* SDL.framework in CopyFiles */ = {isa = PBXBuildFile; fileRef = 2D7B623016788A9B00E35E54 /* SDL.framework */; };
		2D47FB4E16C6BF1C00DB3597 /* duke_3d_icon.icns in Resources */ = {isa = PBXBuildFile; fileRef = 2D47FB4D16C6BF1C00DB3597 /* duke_3d_icon.icns */; };
		2D7B621D1678885A00E35E54 /* draw.c in Sources */ = {isa = PBXBuildFile; fileRef = 2D7B61F11678885A00E35E54 /* draw.c */; };
		2D7B621E1678885A00E35E54 /* cache.c in Sources */ = {isa = PBXBuildFile; fileRef = 2D7B61F41678885A00E35E54 /* cache.c */; };
		2D7B621F1678885A00E35E54 /* host.c in Sources */ = {isa = PBXBuildFile; fileRef = 2D7B61FA1678885A00E35E54 /* host.c */; };
		2D7B62201678885A00E35E54 /* list.c in Sources */ = {isa = PBXBuildFile; fileRef = 2D7B62061678885A00E35E54 /* list.c */; };
		2D7B62211678885A00E35E54 /* memory.c in Sources */ = {isa = PBXBuildFile; fileRef = 2D7B62071678885A00E35E54 /* memory.c */; };
		2D7B62221678885A00E35E54 /* packet.c in Sources */ = {isa = PBXBuildFile; fileRef = 2D7B62081678885A00E35E54 /* packet.c */; };
		2D7B62231678885A00E35E54 /* peer.c in Sources */ = {isa = PBXBuildFile; fileRef = 2D7B62091678885A00E35E54 /* peer.c */; };
		2D7B62241678885A00E35E54 /* protocol.c in Sources */ = {isa = PBXBuildFile; fileRef = 2D7B620A1678885A00E35E54 /* protocol.c */; };
		2D7B62251678885A00E35E54 /* unix.c in Sources */ = {isa = PBXBuildFile; fileRef = 2D7B620D1678885A00E35E54 /* unix.c */; };
		2D7B62261678885A00E35E54 /* win32.c in Sources */ = {isa = PBXBuildFile; fileRef = 2D7B620E1678885A00E35E54 /* win32.c */; };
		2D7B62271678885A00E35E54 /* engine.c in Sources */ = {isa = PBXBuildFile; fileRef = 2D7B62101678885A00E35E54 /* engine.c */; };
		2D7B622C1678885A00E35E54 /* fixedPoint_math.c in Sources */ = {isa = PBXBuildFile; fileRef = 2D7B621A1678885A00E35E54 /* fixedPoint_math.c */; };
		2D7B622D1678885A00E35E54 /* display.c in Sources */ = {isa = PBXBuildFile; fileRef = 2D7B621C1678885A00E35E54 /* display.c */; };
		2D7B623616788ACE00E35E54 /* Cocoa.framework in Frameworks */ = {isa = PBXBuildFile; fileRef = 2D7B623416788AB200E35E54 /* Cocoa.framework */; };
		2D7B623716788AE200E35E54 /* SDL_mixer.framework in Frameworks */ = {isa = PBXBuildFile; fileRef = 2D7B623216788AAB00E35E54 /* SDL_mixer.framework */; };
		2D7B623816788AF800E35E54 /* SDL.framework in Frameworks */ = {isa = PBXBuildFile; fileRef = 2D7B623016788A9B00E35E54 /* SDL.framework */; };
		2D7B627516788F9B00E35E54 /* game.c in Sources */ = {isa = PBXBuildFile; fileRef = 2D7B625016788F9B00E35E54 /* game.c */; };
		2D7B630116791C0300E35E54 /* dummy_multi.c in Sources */ = {isa = PBXBuildFile; fileRef = 2D7B630016791C0200E35E54 /* dummy_multi.c */; };
		2D7B7AEE16792D6700DB503A /* SDLMain.m in Sources */ = {isa = PBXBuildFile; fileRef = 2D7B7AED16792D6700DB503A /* SDLMain.m */; };
		2D7B7B121679325D00DB503A /* CoreFoundation.framework in Frameworks */ = {isa = PBXBuildFile; fileRef = 2D7B7B111679325D00DB503A /* CoreFoundation.framework */; };
		51516E1816E3BBED00A480FC /* SDL_mixer.framework in Frameworks */ = {isa = PBXBuildFile; fileRef = 2D7B623216788AAB00E35E54 /* SDL_mixer.framework */; };
		51516E1916E3BBED00A480FC /* SDL.framework in Frameworks */ = {isa = PBXBuildFile; fileRef = 2D7B623016788A9B00E35E54 /* SDL.framework */; };
/* End PBXBuildFile section */

/* Begin PBXCopyFilesBuildPhase section */
		2D47FB4816C6BC0F00DB3597 /* CopyFiles */ = {
			isa = PBXCopyFilesBuildPhase;
			buildActionMask = 12;
			dstPath = "";
			dstSubfolderSpec = 10;
			files = (
				2D47FB4916C6BC2200DB3597 /* SDL_mixer.framework in CopyFiles */,
				2D47FB4A16C6BC2200DB3597 /* SDL.framework in CopyFiles */,
			);
			runOnlyForDeploymentPostprocessing = 0;
		};
		2D7B61DC167886FB00E35E54 /* CopyFiles */ = {
			isa = PBXCopyFilesBuildPhase;
			buildActionMask = 8;
			dstPath = "";
			dstSubfolderSpec = 10;
			files = (
			);
			runOnlyForDeploymentPostprocessing = 1;
		};
/* End PBXCopyFilesBuildPhase section */

/* Begin PBXFileReference section */
		2D058BCD168651F700E283DC /* tiles.h */ = {isa = PBXFileReference; lastKnownFileType = sourcecode.c.h; name = tiles.h; path = ../../Engine/src/tiles.h; sourceTree = "<group>"; };
		2D058BCF1686520B00E283DC /* tiles.c */ = {isa = PBXFileReference; fileEncoding = 4; lastKnownFileType = sourcecode.c.c; name = tiles.c; path = ../../Engine/src/tiles.c; sourceTree = "<group>"; };
		2D058BE2168689A500E283DC /* network.h */ = {isa = PBXFileReference; lastKnownFileType = sourcecode.c.h; name = network.h; path = ../../Engine/src/network.h; sourceTree = "<group>"; };
		2D058BE3168689B200E283DC /* network.c */ = {isa = PBXFileReference; fileEncoding = 4; lastKnownFileType = sourcecode.c.c; name = network.c; path = ../../Engine/src/network.c; sourceTree = "<group>"; };
		2D2A07C9168286D400064107 /* filesystem.c */ = {isa = PBXFileReference; fileEncoding = 4; lastKnownFileType = sourcecode.c.c; name = filesystem.c; path = ../../Engine/src/filesystem.c; sourceTree = "<group>"; };
		2D2A07CB168286F200064107 /* filesystem.h */ = {isa = PBXFileReference; lastKnownFileType = sourcecode.c.h; name = filesystem.h; path = ../../Engine/src/filesystem.h; sourceTree = "<group>"; };
		2D47FADE16C6B94600DB3597 /* Cocoa.framework */ = {isa = PBXFileReference; lastKnownFileType = wrapper.framework; name = Cocoa.framework; path = System/Library/Frameworks/Cocoa.framework; sourceTree = SDKROOT; };
		2D47FAE116C6B94600DB3597 /* AppKit.framework */ = {isa = PBXFileReference; lastKnownFileType = wrapper.framework; name = AppKit.framework; path = System/Library/Frameworks/AppKit.framework; sourceTree = SDKROOT; };
		2D47FAE316C6B94600DB3597 /* Foundation.framework */ = {isa = PBXFileReference; lastKnownFileType = wrapper.framework; name = Foundation.framework; path = System/Library/Frameworks/Foundation.framework; sourceTree = SDKROOT; };
		2D47FAFD16C6BA0D00DB3597 /* Chocolate Duke3D.app */ = {isa = PBXFileReference; explicitFileType = wrapper.application; includeInIndex = 0; path = "Chocolate Duke3D.app"; sourceTree = BUILT_PRODUCTS_DIR; };
		2D47FB0016C6BA0D00DB3597 /* CoreData.framework */ = {isa = PBXFileReference; lastKnownFileType = wrapper.framework; name = CoreData.framework; path = System/Library/Frameworks/CoreData.framework; sourceTree = SDKROOT; };
		2D47FB0316C6BA0D00DB3597 /* Duke3DBundle-Info.plist */ = {isa = PBXFileReference; lastKnownFileType = text.plist.xml; path = "Duke3DBundle-Info.plist"; sourceTree = "<group>"; };
		2D47FB0516C6BA0D00DB3597 /* en */ = {isa = PBXFileReference; lastKnownFileType = text.plist.strings; name = en; path = en.lproj/InfoPlist.strings; sourceTree = "<group>"; };
		2D47FB0916C6BA0D00DB3597 /* Duke3DBundle-Prefix.pch */ = {isa = PBXFileReference; lastKnownFileType = sourcecode.c.h; path = "Duke3DBundle-Prefix.pch"; sourceTree = "<group>"; };
		2D47FB0B16C6BA0D00DB3597 /* en */ = {isa = PBXFileReference; lastKnownFileType = text.rtf; name = en; path = en.lproj/Credits.rtf; sourceTree = "<group>"; };
		2D47FB4D16C6BF1C00DB3597 /* duke_3d_icon.icns */ = {isa = PBXFileReference; lastKnownFileType = image.icns; path = duke_3d_icon.icns; sourceTree = "<group>"; };
		2D7B61DE167886FB00E35E54 /* Duke3D */ = {isa = PBXFileReference; explicitFileType = "compiled.mach-o.executable"; includeInIndex = 0; path = Duke3D; sourceTree = BUILT_PRODUCTS_DIR; };
		2D7B61F11678885A00E35E54 /* draw.c */ = {isa = PBXFileReference; fileEncoding = 4; lastKnownFileType = sourcecode.c.c; name = draw.c; path = ../../Engine/src/draw.c; sourceTree = "<group>"; };
		2D7B61F21678885A00E35E54 /* draw.h */ = {isa = PBXFileReference; fileEncoding = 4; lastKnownFileType = sourcecode.c.h; name = draw.h; path = ../../Engine/src/draw.h; sourceTree = "<group>"; };
		2D7B61F31678885A00E35E54 /* build.h */ = {isa = PBXFileReference; fileEncoding = 4; lastKnownFileType = sourcecode.c.h; name = build.h; path = ../../Engine/src/build.h; sourceTree = "<group>"; };
		2D7B61F41678885A00E35E54 /* cache.c */ = {isa = PBXFileReference; fileEncoding = 4; lastKnownFileType = sourcecode.c.c; name = cache.c; path = ../../Engine/src/cache.c; sourceTree = "<group>"; };
		2D7B61F51678885A00E35E54 /* cache.h */ = {isa = PBXFileReference; fileEncoding = 4; lastKnownFileType = sourcecode.c.h; name = cache.h; path = ../../Engine/src/cache.h; sourceTree = "<group>"; };
		2D7B61F61678885A00E35E54 /* display.h */ = {isa = PBXFileReference; fileEncoding = 4; lastKnownFileType = sourcecode.c.h; name = display.h; path = ../../Engine/src/display.h; sourceTree = "<group>"; };
		2D7B61FA1678885A00E35E54 /* host.c */ = {isa = PBXFileReference; fileEncoding = 4; lastKnownFileType = sourcecode.c.c; path = host.c; sourceTree = "<group>"; };
		2D7B61FC1678885A00E35E54 /* enet.h */ = {isa = PBXFileReference; fileEncoding = 4; lastKnownFileType = sourcecode.c.h; path = enet.h; sourceTree = "<group>"; };
		2D7B61FD1678885A00E35E54 /* list.h */ = {isa = PBXFileReference; fileEncoding = 4; lastKnownFileType = sourcecode.c.h; path = list.h; sourceTree = "<group>"; };
		2D7B61FE1678885A00E35E54 /* memory.h */ = {isa = PBXFileReference; fileEncoding = 4; lastKnownFileType = sourcecode.c.h; path = memory.h; sourceTree = "<group>"; };
		2D7B61FF1678885A00E35E54 /* protocol.h */ = {isa = PBXFileReference; fileEncoding = 4; lastKnownFileType = sourcecode.c.h; path = protocol.h; sourceTree = "<group>"; };
		2D7B62001678885A00E35E54 /* time.h */ = {isa = PBXFileReference; fileEncoding = 4; lastKnownFileType = sourcecode.c.h; path = time.h; sourceTree = "<group>"; };
		2D7B62011678885A00E35E54 /* types.h */ = {isa = PBXFileReference; fileEncoding = 4; lastKnownFileType = sourcecode.c.h; path = types.h; sourceTree = "<group>"; };
		2D7B62021678885A00E35E54 /* unix.h */ = {isa = PBXFileReference; fileEncoding = 4; lastKnownFileType = sourcecode.c.h; path = unix.h; sourceTree = "<group>"; };
		2D7B62031678885A00E35E54 /* utility.h */ = {isa = PBXFileReference; fileEncoding = 4; lastKnownFileType = sourcecode.c.h; path = utility.h; sourceTree = "<group>"; };
		2D7B62041678885A00E35E54 /* win32.h */ = {isa = PBXFileReference; fileEncoding = 4; lastKnownFileType = sourcecode.c.h; path = win32.h; sourceTree = "<group>"; };
		2D7B62061678885A00E35E54 /* list.c */ = {isa = PBXFileReference; fileEncoding = 4; lastKnownFileType = sourcecode.c.c; path = list.c; sourceTree = "<group>"; };
		2D7B62071678885A00E35E54 /* memory.c */ = {isa = PBXFileReference; fileEncoding = 4; lastKnownFileType = sourcecode.c.c; path = memory.c; sourceTree = "<group>"; };
		2D7B62081678885A00E35E54 /* packet.c */ = {isa = PBXFileReference; fileEncoding = 4; lastKnownFileType = sourcecode.c.c; path = packet.c; sourceTree = "<group>"; };
		2D7B62091678885A00E35E54 /* peer.c */ = {isa = PBXFileReference; fileEncoding = 4; lastKnownFileType = sourcecode.c.c; path = peer.c; sourceTree = "<group>"; };
		2D7B620A1678885A00E35E54 /* protocol.c */ = {isa = PBXFileReference; fileEncoding = 4; lastKnownFileType = sourcecode.c.c; path = protocol.c; sourceTree = "<group>"; };
		2D7B620D1678885A00E35E54 /* unix.c */ = {isa = PBXFileReference; fileEncoding = 4; lastKnownFileType = sourcecode.c.c; path = unix.c; sourceTree = "<group>"; };
		2D7B620E1678885A00E35E54 /* win32.c */ = {isa = PBXFileReference; fileEncoding = 4; lastKnownFileType = sourcecode.c.c; path = win32.c; sourceTree = "<group>"; };
		2D7B62101678885A00E35E54 /* engine.c */ = {isa = PBXFileReference; fileEncoding = 4; lastKnownFileType = sourcecode.c.c; name = engine.c; path = ../../Engine/src/engine.c; sourceTree = "<group>"; };
		2D7B62111678885A00E35E54 /* engine.h */ = {isa = PBXFileReference; fileEncoding = 4; lastKnownFileType = sourcecode.c.h; name = engine.h; path = ../../Engine/src/engine.h; sourceTree = "<group>"; };
		2D7B62121678885A00E35E54 /* icon.h */ = {isa = PBXFileReference; fileEncoding = 4; lastKnownFileType = sourcecode.c.h; name = icon.h; path = ../../Engine/src/icon.h; sourceTree = "<group>"; };
		2D7B62191678885A00E35E54 /* platform.h */ = {isa = PBXFileReference; fileEncoding = 4; lastKnownFileType = sourcecode.c.h; name = platform.h; path = ../../Engine/src/platform.h; sourceTree = "<group>"; };
		2D7B621A1678885A00E35E54 /* fixedPoint_math.c */ = {isa = PBXFileReference; fileEncoding = 4; lastKnownFileType = sourcecode.c.c; name = fixedPoint_math.c; path = ../../Engine/src/fixedPoint_math.c; sourceTree = "<group>"; };
		2D7B621B1678885A00E35E54 /* fixedPoint_math.h */ = {isa = PBXFileReference; fileEncoding = 4; lastKnownFileType = sourcecode.c.h; name = fixedPoint_math.h; path = ../../Engine/src/fixedPoint_math.h; sourceTree = "<group>"; };
		2D7B621C1678885A00E35E54 /* display.c */ = {isa = PBXFileReference; fileEncoding = 4; lastKnownFileType = sourcecode.c.c; name = display.c; path = ../../Engine/src/display.c; sourceTree = "<group>"; };
		2D7B622F1678895A00E35E54 /* macos_compat.h */ = {isa = PBXFileReference; fileEncoding = 4; lastKnownFileType = sourcecode.c.h; name = macos_compat.h; path = ../../Engine/src/macos_compat.h; sourceTree = "<group>"; };
		2D7B623016788A9B00E35E54 /* SDL.framework */ = {isa = PBXFileReference; lastKnownFileType = wrapper.framework; name = SDL.framework; path = /Library/Frameworks/SDL.framework; sourceTree = "<absolute>"; };
		2D7B623216788AAB00E35E54 /* SDL_mixer.framework */ = {isa = PBXFileReference; lastKnownFileType = wrapper.framework; name = SDL_mixer.framework; path = /Library/Frameworks/SDL_mixer.framework; sourceTree = "<absolute>"; };
		2D7B623416788AB200E35E54 /* Cocoa.framework */ = {isa = PBXFileReference; lastKnownFileType = wrapper.framework; name = Cocoa.framework; path = System/Library/Frameworks/Cocoa.framework; sourceTree = SDKROOT; };
		2D7B625016788F9B00E35E54 /* game.c */ = {isa = PBXFileReference; fileEncoding = 4; lastKnownFileType = sourcecode.c.c; name = game.c; path = ../../Game/src/game.c; sourceTree = "<group>"; };
		2D7B630016791C0200E35E54 /* dummy_multi.c */ = {isa = PBXFileReference; fileEncoding = 4; lastKnownFileType = sourcecode.c.c; name = dummy_multi.c; path = ../../Engine/src/dummy_multi.c; sourceTree = "<group>"; };
		2D7B7AED16792D6700DB503A /* SDLMain.m */ = {isa = PBXFileReference; fileEncoding = 4; lastKnownFileType = sourcecode.c.objc; path = SDLMain.m; sourceTree = "<group>"; };
		2D7B7AEF16792D8900DB503A /* SDLMain.h */ = {isa = PBXFileReference; fileEncoding = 4; lastKnownFileType = sourcecode.c.h; path = SDLMain.h; sourceTree = "<group>"; };
		2D7B7B111679325D00DB503A /* CoreFoundation.framework */ = {isa = PBXFileReference; lastKnownFileType = wrapper.framework; name = CoreFoundation.framework; path = System/Library/Frameworks/CoreFoundation.framework; sourceTree = SDKROOT; };
/* End PBXFileReference section */

/* Begin PBXFrameworksBuildPhase section */
		2D47FAFA16C6BA0D00DB3597 /* Frameworks */ = {
			isa = PBXFrameworksBuildPhase;
			buildActionMask = 2147483647;
			files = (
				51516E1816E3BBED00A480FC /* SDL_mixer.framework in Frameworks */,
				51516E1916E3BBED00A480FC /* SDL.framework in Frameworks */,
				2D47FAFF16C6BA0D00DB3597 /* Cocoa.framework in Frameworks */,
			);
			runOnlyForDeploymentPostprocessing = 0;
		};
		2D7B61DB167886FB00E35E54 /* Frameworks */ = {
			isa = PBXFrameworksBuildPhase;
			buildActionMask = 2147483647;
			files = (
				2D7B7B121679325D00DB503A /* CoreFoundation.framework in Frameworks */,
				2D7B623816788AF800E35E54 /* SDL.framework in Frameworks */,
				2D7B623716788AE200E35E54 /* SDL_mixer.framework in Frameworks */,
				2D7B623616788ACE00E35E54 /* Cocoa.framework in Frameworks */,
			);
			runOnlyForDeploymentPostprocessing = 0;
		};
/* End PBXFrameworksBuildPhase section */

/* Begin PBXGroup section */
		2D2A07CC1682870D00064107 /* headers */ = {
			isa = PBXGroup;
			children = (
				2D7B61F31678885A00E35E54 /* build.h */,
				2D7B61F51678885A00E35E54 /* cache.h */,
				2D7B61F61678885A00E35E54 /* display.h */,
				2D7B61F21678885A00E35E54 /* draw.h */,
				2D2A07CE1682875B00064107 /* enet */,
				2D7B62111678885A00E35E54 /* engine.h */,
				2D2A07CB168286F200064107 /* filesystem.h */,
				2D7B62121678885A00E35E54 /* icon.h */,
				2D7B622F1678895A00E35E54 /* macos_compat.h */,
				2D7B62191678885A00E35E54 /* platform.h */,
				2D7B621B1678885A00E35E54 /* fixedPoint_math.h */,
				2D058BCD168651F700E283DC /* tiles.h */,
				2D058BE2168689A500E283DC /* network.h */,
			);
			name = headers;
			sourceTree = "<group>";
		};
		2D2A07CD1682871200064107 /* implementations */ = {
			isa = PBXGroup;
			children = (
				2D7B61F41678885A00E35E54 /* cache.c */,
				2D7B621C1678885A00E35E54 /* display.c */,
				2D7B61F11678885A00E35E54 /* draw.c */,
				2D7B630016791C0200E35E54 /* dummy_multi.c */,
				2D7B61F71678885A00E35E54 /* enet */,
				2D7B62101678885A00E35E54 /* engine.c */,
				2D2A07C9168286D400064107 /* filesystem.c */,
				2D7B621A1678885A00E35E54 /* fixedPoint_math.c */,
				2D058BCF1686520B00E283DC /* tiles.c */,
				2D058BE3168689B200E283DC /* network.c */,
			);
			name = implementations;
			sourceTree = "<group>";
		};
		2D2A07CE1682875B00064107 /* enet */ = {
			isa = PBXGroup;
			children = (
				2D7B61FB1678885A00E35E54 /* include */,
			);
			name = enet;
			sourceTree = "<group>";
		};
		2D2A07CF16828B7600064107 /* headers */ = {
			isa = PBXGroup;
			children = (
			);
			name = headers;
			sourceTree = "<group>";
		};
		2D2A07D016828B7C00064107 /* implementations */ = {
			isa = PBXGroup;
			children = (
				2D7B625016788F9B00E35E54 /* game.c */,
			);
			name = implementations;
			sourceTree = "<group>";
		};
		2D47FADD16C6B94600DB3597 /* Frameworks */ = {
			isa = PBXGroup;
			children = (
				2D7B623416788AB200E35E54 /* Cocoa.framework */,
				2D7B623216788AAB00E35E54 /* SDL_mixer.framework */,
				2D7B623016788A9B00E35E54 /* SDL.framework */,
				2D7B7B111679325D00DB503A /* CoreFoundation.framework */,
				2D47FADE16C6B94600DB3597 /* Cocoa.framework */,
				2D47FAE016C6B94600DB3597 /* Other Frameworks */,
			);
			name = Frameworks;
			sourceTree = "<group>";
		};
		2D47FAE016C6B94600DB3597 /* Other Frameworks */ = {
			isa = PBXGroup;
			children = (
				2D47FAE116C6B94600DB3597 /* AppKit.framework */,
				2D47FAE316C6B94600DB3597 /* Foundation.framework */,
				2D47FB0016C6BA0D00DB3597 /* CoreData.framework */,
			);
			name = "Other Frameworks";
			sourceTree = "<group>";
		};
		2D47FB0116C6BA0D00DB3597 /* Duke3DBundle */ = {
			isa = PBXGroup;
			children = (
				2D47FB0216C6BA0D00DB3597 /* Supporting Files */,
			);
			path = Duke3DBundle;
			sourceTree = "<group>";
		};
		2D47FB0216C6BA0D00DB3597 /* Supporting Files */ = {
			isa = PBXGroup;
			children = (
				2D47FB4D16C6BF1C00DB3597 /* duke_3d_icon.icns */,
				2D47FB0316C6BA0D00DB3597 /* Duke3DBundle-Info.plist */,
				2D47FB0416C6BA0D00DB3597 /* InfoPlist.strings */,
				2D47FB0916C6BA0D00DB3597 /* Duke3DBundle-Prefix.pch */,
				2D47FB0A16C6BA0D00DB3597 /* Credits.rtf */,
			);
			name = "Supporting Files";
			sourceTree = "<group>";
		};
		2D7B61D3167886FB00E35E54 = {
			isa = PBXGroup;
			children = (
				2D7B61E1167886FB00E35E54 /* Duke3D */,
				2D47FB0116C6BA0D00DB3597 /* Duke3DBundle */,
				2D47FADD16C6B94600DB3597 /* Frameworks */,
				2D7B61DF167886FB00E35E54 /* Products */,
			);
			sourceTree = "<group>";
		};
		2D7B61DF167886FB00E35E54 /* Products */ = {
			isa = PBXGroup;
			children = (
				2D7B61DE167886FB00E35E54 /* Duke3D */,
				2D47FAFD16C6BA0D00DB3597 /* Chocolate Duke3D.app */,
			);
			name = Products;
			sourceTree = "<group>";
		};
		2D7B61E1167886FB00E35E54 /* Duke3D */ = {
			isa = PBXGroup;
			children = (
				2D7B623916788F7900E35E54 /* Game */,
				2D7B61F01678884400E35E54 /* Engine */,
				2D7B7AED16792D6700DB503A /* SDLMain.m */,
				2D7B7AEF16792D8900DB503A /* SDLMain.h */,
			);
			path = Duke3D;
			sourceTree = "<group>";
		};
		2D7B61F01678884400E35E54 /* Engine */ = {
			isa = PBXGroup;
			children = (
				2D2A07CC1682870D00064107 /* headers */,
				2D2A07CD1682871200064107 /* implementations */,
			);
			name = Engine;
			sourceTree = "<group>";
		};
		2D7B61F71678885A00E35E54 /* enet */ = {
			isa = PBXGroup;
			children = (
				2D7B61FA1678885A00E35E54 /* host.c */,
				2D7B62061678885A00E35E54 /* list.c */,
				2D7B62071678885A00E35E54 /* memory.c */,
				2D7B62081678885A00E35E54 /* packet.c */,
				2D7B62091678885A00E35E54 /* peer.c */,
				2D7B620A1678885A00E35E54 /* protocol.c */,
				2D7B620D1678885A00E35E54 /* unix.c */,
				2D7B620E1678885A00E35E54 /* win32.c */,
			);
			name = enet;
			path = ../../Engine/src/enet;
			sourceTree = "<group>";
		};
		2D7B61FB1678885A00E35E54 /* include */ = {
			isa = PBXGroup;
			children = (
				2D7B61FC1678885A00E35E54 /* enet.h */,
				2D7B61FD1678885A00E35E54 /* list.h */,
				2D7B61FE1678885A00E35E54 /* memory.h */,
				2D7B61FF1678885A00E35E54 /* protocol.h */,
				2D7B62001678885A00E35E54 /* time.h */,
				2D7B62011678885A00E35E54 /* types.h */,
				2D7B62021678885A00E35E54 /* unix.h */,
				2D7B62031678885A00E35E54 /* utility.h */,
				2D7B62041678885A00E35E54 /* win32.h */,
			);
			name = include;
			path = ../../Engine/src/enet/include;
			sourceTree = "<group>";
		};
		2D7B623916788F7900E35E54 /* Game */ = {
			isa = PBXGroup;
			children = (
				2D2A07CF16828B7600064107 /* headers */,
				2D2A07D016828B7C00064107 /* implementations */,
			);
			name = Game;
			sourceTree = "<group>";
		};
/* End PBXGroup section */

/* Begin PBXNativeTarget section */
		2D47FAFC16C6BA0D00DB3597 /* Duke3DBundle */ = {
			isa = PBXNativeTarget;
			buildConfigurationList = 2D47FB1316C6BA0D00DB3597 /* Build configuration list for PBXNativeTarget "Duke3DBundle" */;
			buildPhases = (
				2D47FAF916C6BA0D00DB3597 /* Sources */,
				2D47FAFA16C6BA0D00DB3597 /* Frameworks */,
				2D47FAFB16C6BA0D00DB3597 /* Resources */,
				2D47FB4816C6BC0F00DB3597 /* CopyFiles */,
			);
			buildRules = (
			);
			dependencies = (
			);
			name = Duke3DBundle;
			productName = Duke3DBundle;
			productReference = 2D47FAFD16C6BA0D00DB3597 /* Chocolate Duke3D.app */;
			productType = "com.apple.product-type.application";
		};
		2D7B61DD167886FB00E35E54 /* Duke3D */ = {
			isa = PBXNativeTarget;
			buildConfigurationList = 2D7B61E8167886FB00E35E54 /* Build configuration list for PBXNativeTarget "Duke3D" */;
			buildPhases = (
				2D7B61DA167886FB00E35E54 /* Sources */,
				2D7B61DB167886FB00E35E54 /* Frameworks */,
				2D7B61DC167886FB00E35E54 /* CopyFiles */,
			);
			buildRules = (
			);
			dependencies = (
			);
			name = Duke3D;
			productName = Duke3D;
			productReference = 2D7B61DE167886FB00E35E54 /* Duke3D */;
			productType = "com.apple.product-type.tool";
		};
/* End PBXNativeTarget section */

/* Begin PBXProject section */
		2D7B61D5167886FB00E35E54 /* Project object */ = {
			isa = PBXProject;
			attributes = {
				LastUpgradeCheck = 0460;
				ORGANIZATIONNAME = "fabien sanglard";
			};
			buildConfigurationList = 2D7B61D8167886FB00E35E54 /* Build configuration list for PBXProject "Duke3D" */;
			compatibilityVersion = "Xcode 3.2";
			developmentRegion = English;
			hasScannedForEncodings = 0;
			knownRegions = (
				en,
			);
			mainGroup = 2D7B61D3167886FB00E35E54;
			productRefGroup = 2D7B61DF167886FB00E35E54 /* Products */;
			projectDirPath = "";
			projectRoot = "";
			targets = (
				2D7B61DD167886FB00E35E54 /* Duke3D */,
				2D47FAFC16C6BA0D00DB3597 /* Duke3DBundle */,
			);
		};
/* End PBXProject section */

/* Begin PBXResourcesBuildPhase section */
		2D47FAFB16C6BA0D00DB3597 /* Resources */ = {
			isa = PBXResourcesBuildPhase;
			buildActionMask = 2147483647;
			files = (
				2D47FB0616C6BA0D00DB3597 /* InfoPlist.strings in Resources */,
				2D47FB0C16C6BA0D00DB3597 /* Credits.rtf in Resources */,
				2D47FB4E16C6BF1C00DB3597 /* duke_3d_icon.icns in Resources */,
			);
			runOnlyForDeploymentPostprocessing = 0;
		};
/* End PBXResourcesBuildPhase section */

/* Begin PBXSourcesBuildPhase section */
		2D47FAF916C6BA0D00DB3597 /* Sources */ = {
			isa = PBXSourcesBuildPhase;
			buildActionMask = 2147483647;
			files = (
				2D47FB3316C6BA8200DB3597 /* cache.c in Sources */,
				2D47FB3416C6BA8200DB3597 /* display.c in Sources */,
				2D47FB3516C6BA8200DB3597 /* draw.c in Sources */,
				2D47FB3616C6BA8200DB3597 /* dummy_multi.c in Sources */,
				2D47FB3716C6BA8200DB3597 /* host.c in Sources */,
				2D47FB3816C6BA8200DB3597 /* list.c in Sources */,
				2D47FB3916C6BA8200DB3597 /* memory.c in Sources */,
				2D47FB3A16C6BA8200DB3597 /* packet.c in Sources */,
				2D47FB3B16C6BA8200DB3597 /* peer.c in Sources */,
				2D47FB3C16C6BA8200DB3597 /* protocol.c in Sources */,
				2D47FB3D16C6BA8200DB3597 /* unix.c in Sources */,
				2D47FB3E16C6BA8200DB3597 /* engine.c in Sources */,
				2D47FB3F16C6BA8200DB3597 /* filesystem.c in Sources */,
				2D47FB4016C6BA8200DB3597 /* fixedPoint_math.c in Sources */,
				2D47FB4116C6BA8200DB3597 /* tiles.c in Sources */,
				2D47FB4216C6BA8200DB3597 /* network.c in Sources */,
				2D47FB4316C6BA8200DB3597 /* SDLMain.m in Sources */,
				2D47FB1D16C6BA2E00DB3597 /* game.c in Sources */,
			);
			runOnlyForDeploymentPostprocessing = 0;
		};
		2D7B61DA167886FB00E35E54 /* Sources */ = {
			isa = PBXSourcesBuildPhase;
			buildActionMask = 2147483647;
			files = (
				2D7B621D1678885A00E35E54 /* draw.c in Sources */,
				2D7B621E1678885A00E35E54 /* cache.c in Sources */,
				2D7B621F1678885A00E35E54 /* host.c in Sources */,
				2D7B62201678885A00E35E54 /* list.c in Sources */,
				2D7B62211678885A00E35E54 /* memory.c in Sources */,
				2D7B62221678885A00E35E54 /* packet.c in Sources */,
				2D7B62231678885A00E35E54 /* peer.c in Sources */,
				2D7B62241678885A00E35E54 /* protocol.c in Sources */,
				2D7B62251678885A00E35E54 /* unix.c in Sources */,
				2D7B62261678885A00E35E54 /* win32.c in Sources */,
				2D7B62271678885A00E35E54 /* engine.c in Sources */,
				2D7B622C1678885A00E35E54 /* fixedPoint_math.c in Sources */,
				2D7B622D1678885A00E35E54 /* display.c in Sources */,
				2D7B627516788F9B00E35E54 /* game.c in Sources */,
				2D7B630116791C0300E35E54 /* dummy_multi.c in Sources */,
				2D7B7AEE16792D6700DB503A /* SDLMain.m in Sources */,
				2D2A07CA168286D500064107 /* filesystem.c in Sources */,
				2D058BD01686520B00E283DC /* tiles.c in Sources */,
				2D058BE4168689B200E283DC /* network.c in Sources */,
			);
			runOnlyForDeploymentPostprocessing = 0;
		};
/* End PBXSourcesBuildPhase section */

/* Begin PBXVariantGroup section */
		2D47FB0416C6BA0D00DB3597 /* InfoPlist.strings */ = {
			isa = PBXVariantGroup;
			children = (
				2D47FB0516C6BA0D00DB3597 /* en */,
			);
			name = InfoPlist.strings;
			sourceTree = "<group>";
		};
		2D47FB0A16C6BA0D00DB3597 /* Credits.rtf */ = {
			isa = PBXVariantGroup;
			children = (
				2D47FB0B16C6BA0D00DB3597 /* en */,
			);
			name = Credits.rtf;
			sourceTree = "<group>";
		};
/* End PBXVariantGroup section */

/* Begin XCBuildConfiguration section */
		2D47FB1416C6BA0D00DB3597 /* Debug */ = {
			isa = XCBuildConfiguration;
			buildSettings = {
				ALWAYS_SEARCH_USER_PATHS = NO;
				ARCHS = "$(ARCHS_STANDARD_32_BIT)";
				COMBINE_HIDPI_IMAGES = YES;
				GCC_PRECOMPILE_PREFIX_HEADER = YES;
				GCC_PREFIX_HEADER = "Duke3DBundle/Duke3DBundle-Prefix.pch";
				GCC_VERSION = com.apple.compilers.llvm.clang.1_0;
				INFOPLIST_FILE = "Duke3DBundle/Duke3DBundle-Info.plist";
				PRODUCT_NAME = "Chocolate Duke3D";
				WRAPPER_EXTENSION = app;
			};
			name = Debug;
		};
		2D47FB1516C6BA0D00DB3597 /* Release */ = {
			isa = XCBuildConfiguration;
			buildSettings = {
				ALWAYS_SEARCH_USER_PATHS = NO;
				ARCHS = "$(ARCHS_STANDARD_32_BIT)";
				COMBINE_HIDPI_IMAGES = YES;
				GCC_PRECOMPILE_PREFIX_HEADER = YES;
				GCC_PREFIX_HEADER = "Duke3DBundle/Duke3DBundle-Prefix.pch";
				GCC_VERSION = com.apple.compilers.llvm.clang.1_0;
				INFOPLIST_FILE = "Duke3DBundle/Duke3DBundle-Info.plist";
				ONLY_ACTIVE_ARCH = YES;
				PRODUCT_NAME = "Chocolate Duke3D";
				WRAPPER_EXTENSION = app;
			};
			name = Release;
		};
		2D7B61E6167886FB00E35E54 /* Debug */ = {
			isa = XCBuildConfiguration;
			buildSettings = {
				ALWAYS_SEARCH_USER_PATHS = NO;
				ARCHS = "$(ARCHS_STANDARD_32_BIT)";
				CLANG_CXX_LANGUAGE_STANDARD = "gnu++0x";
				CLANG_WARN__DUPLICATE_METHOD_MATCH = YES;
				COPY_PHASE_STRIP = NO;
				FRAMEWORK_SEARCH_PATHS = "/Library/Frameworks/**";
				GCC_C_LANGUAGE_STANDARD = gnu99;
				GCC_DYNAMIC_NO_PIC = NO;
				GCC_ENABLE_OBJC_EXCEPTIONS = YES;
				GCC_OPTIMIZATION_LEVEL = 0;
				GCC_PREPROCESSOR_DEFINITIONS = (
					"DEBUG=1",
					"$(inherited)",
				);
				GCC_SYMBOLS_PRIVATE_EXTERN = NO;
				GCC_TREAT_IMPLICIT_FUNCTION_DECLARATIONS_AS_ERRORS = NO;
				GCC_TREAT_INCOMPATIBLE_POINTER_TYPE_WARNINGS_AS_ERRORS = NO;
				GCC_TREAT_WARNINGS_AS_ERRORS = NO;
				GCC_WARN_64_TO_32_BIT_CONVERSION = YES;
				GCC_WARN_ABOUT_RETURN_TYPE = YES;
				GCC_WARN_UNINITIALIZED_AUTOS = YES;
				GCC_WARN_UNUSED_VARIABLE = YES;
				HEADER_SEARCH_PATHS = (
					"/Library/Frameworks/SDL.framework/Headers/**",
					"/Library/Frameworks/SDL_Mixer.framework/Headers/**",
				);
				INSTALL_PATH = "@rpath";
				LD_RUNPATH_SEARCH_PATHS = "@loader_path/../Frameworks";
				MACOSX_DEPLOYMENT_TARGET = 10.8;
				ONLY_ACTIVE_ARCH = YES;
				SDKROOT = macosx;
			};
			name = Debug;
		};
		2D7B61E7167886FB00E35E54 /* Release */ = {
			isa = XCBuildConfiguration;
			buildSettings = {
				ALWAYS_SEARCH_USER_PATHS = NO;
				ARCHS = "$(ARCHS_STANDARD_32_BIT)";
				CLANG_CXX_LANGUAGE_STANDARD = "gnu++0x";
				CLANG_WARN__DUPLICATE_METHOD_MATCH = YES;
				COPY_PHASE_STRIP = YES;
				DEBUG_INFORMATION_FORMAT = "dwarf-with-dsym";
				FRAMEWORK_SEARCH_PATHS = "/Library/Frameworks/**";
				GCC_C_LANGUAGE_STANDARD = gnu99;
				GCC_ENABLE_OBJC_EXCEPTIONS = YES;
				GCC_TREAT_IMPLICIT_FUNCTION_DECLARATIONS_AS_ERRORS = NO;
				GCC_TREAT_INCOMPATIBLE_POINTER_TYPE_WARNINGS_AS_ERRORS = NO;
				GCC_TREAT_WARNINGS_AS_ERRORS = NO;
				GCC_WARN_64_TO_32_BIT_CONVERSION = YES;
				GCC_WARN_ABOUT_RETURN_TYPE = YES;
				GCC_WARN_UNINITIALIZED_AUTOS = YES;
				GCC_WARN_UNUSED_VARIABLE = YES;
				HEADER_SEARCH_PATHS = (
					"/Library/Frameworks/SDL.framework/Headers/**",
					"/Library/Frameworks/SDL_Mixer.framework/Headers/**",
				);
				INSTALL_PATH = "@rpath";
				LD_RUNPATH_SEARCH_PATHS = "@loader_path/../Frameworks";
				MACOSX_DEPLOYMENT_TARGET = 10.8;
				SDKROOT = macosx;
			};
			name = Release;
		};
		2D7B61E9167886FB00E35E54 /* Debug */ = {
			isa = XCBuildConfiguration;
			buildSettings = {
				PRODUCT_NAME = "$(TARGET_NAME)";
			};
			name = Debug;
		};
		2D7B61EA167886FB00E35E54 /* Release */ = {
			isa = XCBuildConfiguration;
			buildSettings = {
				PRODUCT_NAME = "$(TARGET_NAME)";
			};
			name = Release;
		};
/* End XCBuildConfiguration section */

/* Begin XCConfigurationList section */
		2D47FB1316C6BA0D00DB3597 /* Build configuration list for PBXNativeTarget "Duke3DBundle" */ = {
			isa = XCConfigurationList;
			buildConfigurations = (
				2D47FB1416C6BA0D00DB3597 /* Debug */,
				2D47FB1516C6BA0D00DB3597 /* Release */,
			);
			defaultConfigurationIsVisible = 0;
			defaultConfigurationName = Release;
		};
		2D7B61D8167886FB00E35E54 /* Build configuration list for PBXProject "Duke3D" */ = {
			isa = XCConfigurationList;
			buildConfigurations = (
				2D7B61E6167886FB00E35E54 /* Debug */,
				2D7B61E7167886FB00E35E54 /* Release */,
			);
			defaultConfigurationIsVisible = 0;
			defaultConfigurationName = Release;
		};
		2D7B61E8167886FB00E35E54 /* Build configuration list for PBXNativeTarget "Duke3D" */ = {
			isa = XCConfigurationList;
			buildConfigurations = (
				2D7B61E9167886FB00E35E54 /* Debug */,
				2D7B61EA167886FB00E35E54 /* Release */,
			);
			defaultConfigurationIsVisible = 0;
			defaultConfigurationName = Release;
		};
/* End XCConfigurationList section */
	};
	rootObject = 2D7B61D5167886FB00E35E54 /* Project object */;
}
